<Solution>
  <Folder Name="/Solution items/">
    <File Path="README.md" />
    <File Path=".gitignore" />
  </Folder>
  <Folder Name="/Solution items/infra/">
    <File Path="infra\docker-compose.yaml" />
  </Folder>
  <Project Path="Analyzer.Backend\Analyzer.Backend.csproj" Type="Classic C#" />
</Solution>