<Solution>
  <Folder Name="/Solution items/">
    <File Path="README.md" />
    <File Path=".gitignore" />
    <File Path=".editorconfig" />
  </Folder>
  <Folder Name="/Solution items/architecture/">
    <File Path="architecture\detailed-flow.mmd" />
    <File Path="architecture\high-level.md" />
    <File Path="architecture\trading-flow.mmd" />
  </Folder>
  <Project Path="Warehouse.Backend\Warehouse.Backend.csproj" Type="Classic C#" />
</Solution>